
Microsoft Visual Studio Solution File, Format Version 12.00
# Visual Studio Version 17
VisualStudioVersion = 17.13.35806.99 d17.13
MinimumVisualStudioVersion = 10.0.40219.1
Project("{FAE04EC0-301F-11D3-BF4B-00C04F79EFBC}") = "InventSoftwareAPI", "InventSoftwareAPI.csproj", "{21F4399D-6591-4732-9F01-98924E445569}"
EndProject
Global
	GlobalSection(SolutionConfigurationPlatforms) = preSolution
		Debug|Any CPU = Debug|Any CPU
		Release|Any CPU = Release|Any CPU
	EndGlobalSection
	GlobalSection(ProjectConfigurationPlatforms) = postSolution
		{21F4399D-6591-4732-9F01-98924E445569}.Debug|Any CPU.ActiveCfg = Debug|Any CPU
		{21F4399D-6591-4732-9F01-98924E445569}.Debug|Any CPU.Build.0 = Debug|Any CPU
		{21F4399D-6591-4732-9F01-98924E445569}.Release|Any CPU.ActiveCfg = Release|Any CPU
		{21F4399D-6591-4732-9F01-98924E445569}.Release|Any CPU.Build.0 = Release|Any CPU
	EndGlobalSection
	GlobalSection(SolutionProperties) = preSolution
		HideSolutionNode = FALSE
	EndGlobalSection
	GlobalSection(ExtensibilityGlobals) = postSolution
		SolutionGuid = {A944B03E-ABCC-465A-92C9-0A5A7B4933D8}
	EndGlobalSection
EndGlobal
